
Microsoft Visual Studio Solution File, Format Version 12.00
# Visual Studio Version 16
VisualStudioVersion = 16.0.30907.101
MinimumVisualStudioVersion = 10.0.40219.1
Project("{FAE04EC0-301F-11D3-BF4B-00C04F79EFBC}") = "Solution_CrudProduto", "Solution_CrudProduto\Solution_CrudProduto.csproj", "{E2A82048-0281-4020-8FE5-BF689AF50A3B}"
EndProject
Global
	GlobalSection(SolutionConfigurationPlatforms) = preSolution
		Debug|Any CPU = Debug|Any CPU
		Release|Any CPU = Release|Any CPU
	EndGlobalSection
	GlobalSection(ProjectConfigurationPlatforms) = postSolution
		{E2A82048-0281-4020-8FE5-BF689AF50A3B}.Debug|Any CPU.ActiveCfg = Debug|Any CPU
		{E2A82048-0281-4020-8FE5-BF689AF50A3B}.Debug|Any CPU.Build.0 = Debug|Any CPU
		{E2A82048-0281-4020-8FE5-BF689AF50A3B}.Release|Any CPU.ActiveCfg = Release|Any CPU
		{E2A82048-0281-4020-8FE5-BF689AF50A3B}.Release|Any CPU.Build.0 = Release|Any CPU
	EndGlobalSection
	GlobalSection(SolutionProperties) = preSolution
		HideSolutionNode = FALSE
	EndGlobalSection
	GlobalSection(ExtensibilityGlobals) = postSolution
		SolutionGuid = {71440BEA-63EC-450A-A648-F85FD06B5772}
	EndGlobalSection
EndGlobal
